
Microsoft Visual Studio Solution File, Format Version 12.00
# Visual Studio Version 16
VisualStudioVersion = 16.0.29411.108
MinimumVisualStudioVersion = 10.0.40219.1
Project("{FAE04EC0-301F-11D3-BF4B-00C04F79EFBC}") = "hw6", "hw6\hw6.csproj", "{1B07C87E-90E3-43F9-8375-929907B78D02}"
EndProject
Global
	GlobalSection(SolutionConfigurationPlatforms) = preSolution
		Debug|Any CPU = Debug|Any CPU
		Release|Any CPU = Release|Any CPU
	EndGlobalSection
	GlobalSection(ProjectConfigurationPlatforms) = postSolution
		{1B07C87E-90E3-43F9-8375-929907B78D02}.Debug|Any CPU.ActiveCfg = Debug|Any CPU
		{1B07C87E-90E3-43F9-8375-929907B78D02}.Debug|Any CPU.Build.0 = Debug|Any CPU
		{1B07C87E-90E3-43F9-8375-929907B78D02}.Release|Any CPU.ActiveCfg = Release|Any CPU
		{1B07C87E-90E3-43F9-8375-929907B78D02}.Release|Any CPU.Build.0 = Release|Any CPU
	EndGlobalSection
	GlobalSection(SolutionProperties) = preSolution
		HideSolutionNode = FALSE
	EndGlobalSection
	GlobalSection(ExtensibilityGlobals) = postSolution
		SolutionGuid = {9854B584-C77A-40A5-A3D2-3274058E4DF3}
	EndGlobalSection
EndGlobal
