
Microsoft Visual Studio Solution File, Format Version 12.00
# Visual Studio Version 16
VisualStudioVersion = 16.0.29411.108
MinimumVisualStudioVersion = 10.0.40219.1
Project("{FAE04EC0-301F-11D3-BF4B-00C04F79EFBC}") = "hw4", "hw4\hw4.csproj", "{7335089C-B712-40C9-99CC-E73962FC8D14}"
EndProject
Global
	GlobalSection(SolutionConfigurationPlatforms) = preSolution
		Debug|Any CPU = Debug|Any CPU
		Release|Any CPU = Release|Any CPU
	EndGlobalSection
	GlobalSection(ProjectConfigurationPlatforms) = postSolution
		{7335089C-B712-40C9-99CC-E73962FC8D14}.Debug|Any CPU.ActiveCfg = Debug|Any CPU
		{7335089C-B712-40C9-99CC-E73962FC8D14}.Debug|Any CPU.Build.0 = Debug|Any CPU
		{7335089C-B712-40C9-99CC-E73962FC8D14}.Release|Any CPU.ActiveCfg = Release|Any CPU
		{7335089C-B712-40C9-99CC-E73962FC8D14}.Release|Any CPU.Build.0 = Release|Any CPU
	EndGlobalSection
	GlobalSection(SolutionProperties) = preSolution
		HideSolutionNode = FALSE
	EndGlobalSection
	GlobalSection(ExtensibilityGlobals) = postSolution
		SolutionGuid = {283247E5-28C5-42AE-A678-C9654278DDC8}
	EndGlobalSection
EndGlobal
